{
  "requires": true,
  "lockfileVersion": 1,
  "dependencies": {
    "react-native-live-stream": {
      "version": "1.0.1",
      "resolved": "https://registry.npmjs.org/react-native-live-stream/-/react-native-live-stream-1.0.1.tgz",
      "integrity": "sha512-4nc/peGU8lp1JwQ7EUT742I+WdALbZjjCUnNZfZFBr833nbj651qBctCgoxPcB3MN/QZZqKp4IFJhxETp7JxNQ=="
    }
  }
}
